
Microsoft Visual Studio Solution File, Format Version 12.00
# Visual Studio 15
VisualStudioVersion = 15.0.26403.7
MinimumVisualStudioVersion = 10.0.40219.1
Project("{FAE04EC0-301F-11D3-BF4B-00C04F79EFBC}") = "Passenger.Core", "Passenger.Core\Passenger.Core.csproj", "{DEA13332-C07D-449A-8FAE-2EB36A33AC93}"
EndProject
Project("{FAE04EC0-301F-11D3-BF4B-00C04F79EFBC}") = "Passenger.Infrastructure", "Passenger.Infrastructure\Passenger.Infrastructure.csproj", "{D06084C2-FEAF-43D8-8F94-10CBFE4BD12B}"
EndProject
Project("{FAE04EC0-301F-11D3-BF4B-00C04F79EFBC}") = "Passenger.Api", "Passenger.Api\Passenger.Api.csproj", "{184CBBC4-3A81-4921-9DAD-FF299EDA2F26}"
EndProject
Global
	GlobalSection(SolutionConfigurationPlatforms) = preSolution
		Debug|Any CPU = Debug|Any CPU
		Release|Any CPU = Release|Any CPU
	EndGlobalSection
	GlobalSection(ProjectConfigurationPlatforms) = postSolution
		{DEA13332-C07D-449A-8FAE-2EB36A33AC93}.Debug|Any CPU.ActiveCfg = Debug|Any CPU
		{DEA13332-C07D-449A-8FAE-2EB36A33AC93}.Debug|Any CPU.Build.0 = Debug|Any CPU
		{DEA13332-C07D-449A-8FAE-2EB36A33AC93}.Release|Any CPU.ActiveCfg = Release|Any CPU
		{DEA13332-C07D-449A-8FAE-2EB36A33AC93}.Release|Any CPU.Build.0 = Release|Any CPU
		{D06084C2-FEAF-43D8-8F94-10CBFE4BD12B}.Debug|Any CPU.ActiveCfg = Debug|Any CPU
		{D06084C2-FEAF-43D8-8F94-10CBFE4BD12B}.Debug|Any CPU.Build.0 = Debug|Any CPU
		{D06084C2-FEAF-43D8-8F94-10CBFE4BD12B}.Release|Any CPU.ActiveCfg = Release|Any CPU
		{D06084C2-FEAF-43D8-8F94-10CBFE4BD12B}.Release|Any CPU.Build.0 = Release|Any CPU
		{184CBBC4-3A81-4921-9DAD-FF299EDA2F26}.Debug|Any CPU.ActiveCfg = Debug|Any CPU
		{184CBBC4-3A81-4921-9DAD-FF299EDA2F26}.Debug|Any CPU.Build.0 = Debug|Any CPU
		{184CBBC4-3A81-4921-9DAD-FF299EDA2F26}.Release|Any CPU.ActiveCfg = Release|Any CPU
		{184CBBC4-3A81-4921-9DAD-FF299EDA2F26}.Release|Any CPU.Build.0 = Release|Any CPU
	EndGlobalSection
	GlobalSection(SolutionProperties) = preSolution
		HideSolutionNode = FALSE
	EndGlobalSection
EndGlobal
